// !$*UTF8*$!
{
	archiveVersion = 1;
	classes = {
	};
	objectVersion = 48;
	objects = {

/* Begin PBXBuildFile section */
		56EB509927494CD64E4F6C3C /* Pods_birthday_appTests.framework in Frameworks */ = {isa = PBXBuildFile; fileRef = D3EE0B1AC68E4AC1A53E168D /* Pods_birthday_appTests.framework */; };
		6325B3671FEAD22800F030C7 /* Localizable.strings in Resources */ = {isa = PBXBuildFile; fileRef = 6325B3691FEAD22800F030C7 /* Localizable.strings */; };
		6341A9841FE5586300F61F9A /* AppDelegate.swift in Sources */ = {isa = PBXBuildFile; fileRef = 6341A9831FE5586300F61F9A /* AppDelegate.swift */; };
		6341A9861FE5586300F61F9A /* ViewController.swift in Sources */ = {isa = PBXBuildFile; fileRef = 6341A9851FE5586300F61F9A /* ViewController.swift */; };
		6341A9891FE5586300F61F9A /* Main.storyboard in Resources */ = {isa = PBXBuildFile; fileRef = 6341A9871FE5586300F61F9A /* Main.storyboard */; };
		6341A98C1FE5586300F61F9A /* birthday_app.xcdatamodeld in Sources */ = {isa = PBXBuildFile; fileRef = 6341A98A1FE5586300F61F9A /* birthday_app.xcdatamodeld */; };
		6341A98E1FE5586300F61F9A /* Assets.xcassets in Resources */ = {isa = PBXBuildFile; fileRef = 6341A98D1FE5586300F61F9A /* Assets.xcassets */; };
		6341A9911FE5586300F61F9A /* LaunchScreen.storyboard in Resources */ = {isa = PBXBuildFile; fileRef = 6341A98F1FE5586300F61F9A /* LaunchScreen.storyboard */; };
		6341A99C1FE5586300F61F9A /* birthday_appTests.swift in Sources */ = {isa = PBXBuildFile; fileRef = 6341A99B1FE5586300F61F9A /* birthday_appTests.swift */; };
		6341A9A71FE5586300F61F9A /* birthday_appUITests.swift in Sources */ = {isa = PBXBuildFile; fileRef = 6341A9A61FE5586300F61F9A /* birthday_appUITests.swift */; };
		6341A9B51FE859E000F61F9A /* UpcomingTableViewController.swift in Sources */ = {isa = PBXBuildFile; fileRef = 6341A9B41FE859E000F61F9A /* UpcomingTableViewController.swift */; };
		6341A9B91FE85B6100F61F9A /* UpcomingCell.swift in Sources */ = {isa = PBXBuildFile; fileRef = 6341A9B81FE85B6100F61F9A /* UpcomingCell.swift */; };
		6341A9BD1FE85EDD00F61F9A /* PersonViewController.swift in Sources */ = {isa = PBXBuildFile; fileRef = 6341A9BC1FE85EDD00F61F9A /* PersonViewController.swift */; };
		6341A9C11FE862B600F61F9A /* AddNewViewController.swift in Sources */ = {isa = PBXBuildFile; fileRef = 6341A9C01FE862B600F61F9A /* AddNewViewController.swift */; };
		6341A9C81FE8672800F61F9A /* Main.storyboard in Resources */ = {isa = PBXBuildFile; fileRef = 6341A9871FE5586300F61F9A /* Main.storyboard */; };
		6341A9C91FE8672900F61F9A /* Main.storyboard in Resources */ = {isa = PBXBuildFile; fileRef = 6341A9871FE5586300F61F9A /* Main.storyboard */; };
		B014BDE91F9076381A723C8F /* Pods_birthday_app.framework in Frameworks */ = {isa = PBXBuildFile; fileRef = 9D30D87711A46A3445A746B5 /* Pods_birthday_app.framework */; };
		CD15693740368A16E32CAEB6 /* Pods_birthday_appUITests.framework in Frameworks */ = {isa = PBXBuildFile; fileRef = E7F7B133E3B0A04B47A6BA94 /* Pods_birthday_appUITests.framework */; };
/* End PBXBuildFile section */

/* Begin PBXContainerItemProxy section */
		6341A9981FE5586300F61F9A /* PBXContainerItemProxy */ = {
			isa = PBXContainerItemProxy;
			containerPortal = 6341A9781FE5586300F61F9A /* Project object */;
			proxyType = 1;
			remoteGlobalIDString = 6341A97F1FE5586300F61F9A;
			remoteInfo = birthday_app;
		};
		6341A9A31FE5586300F61F9A /* PBXContainerItemProxy */ = {
			isa = PBXContainerItemProxy;
			containerPortal = 6341A9781FE5586300F61F9A /* Project object */;
			proxyType = 1;
			remoteGlobalIDString = 6341A97F1FE5586300F61F9A;
			remoteInfo = birthday_app;
		};
/* End PBXContainerItemProxy section */

/* Begin PBXFileReference section */
		4E78D1773CBDBA6D6213F390 /* Pods-birthday_app.debug.xcconfig */ = {isa = PBXFileReference; includeInIndex = 1; lastKnownFileType = text.xcconfig; name = "Pods-birthday_app.debug.xcconfig"; path = "Pods/Target Support Files/Pods-birthday_app/Pods-birthday_app.debug.xcconfig"; sourceTree = "<group>"; };
		6325B3611FEACF5000F030C7 /* de */ = {isa = PBXFileReference; lastKnownFileType = text.plist.strings; name = de; path = de.lproj/Main.strings; sourceTree = "<group>"; };
		6325B3621FEACF5000F030C7 /* de */ = {isa = PBXFileReference; lastKnownFileType = text.plist.strings; name = de; path = de.lproj/LaunchScreen.strings; sourceTree = "<group>"; };
		6325B3641FEACF6100F030C7 /* en */ = {isa = PBXFileReference; lastKnownFileType = text.plist.strings; name = en; path = en.lproj/Main.strings; sourceTree = "<group>"; };
		6325B3681FEAD22800F030C7 /* en */ = {isa = PBXFileReference; lastKnownFileType = text.plist.strings; name = en; path = en.lproj/Localizable.strings; sourceTree = "<group>"; };
		6325B36A1FEAD22C00F030C7 /* de */ = {isa = PBXFileReference; lastKnownFileType = text.plist.strings; name = de; path = de.lproj/Localizable.strings; sourceTree = "<group>"; };
		6341A9801FE5586300F61F9A /* birthday_app.app */ = {isa = PBXFileReference; explicitFileType = wrapper.application; includeInIndex = 0; path = birthday_app.app; sourceTree = BUILT_PRODUCTS_DIR; };
		6341A9831FE5586300F61F9A /* AppDelegate.swift */ = {isa = PBXFileReference; lastKnownFileType = sourcecode.swift; path = AppDelegate.swift; sourceTree = "<group>"; };
		6341A9851FE5586300F61F9A /* ViewController.swift */ = {isa = PBXFileReference; lastKnownFileType = sourcecode.swift; path = ViewController.swift; sourceTree = "<group>"; };
		6341A9881FE5586300F61F9A /* Base */ = {isa = PBXFileReference; lastKnownFileType = file.storyboard; name = Base; path = Base.lproj/Main.storyboard; sourceTree = "<group>"; };
		6341A98B1FE5586300F61F9A /* birthday_app.xcdatamodel */ = {isa = PBXFileReference; lastKnownFileType = wrapper.xcdatamodel; path = birthday_app.xcdatamodel; sourceTree = "<group>"; };
		6341A98D1FE5586300F61F9A /* Assets.xcassets */ = {isa = PBXFileReference; lastKnownFileType = folder.assetcatalog; path = Assets.xcassets; sourceTree = "<group>"; };
		6341A9901FE5586300F61F9A /* Base */ = {isa = PBXFileReference; lastKnownFileType = file.storyboard; name = Base; path = Base.lproj/LaunchScreen.storyboard; sourceTree = "<group>"; };
		6341A9921FE5586300F61F9A /* Info.plist */ = {isa = PBXFileReference; lastKnownFileType = text.plist.xml; path = Info.plist; sourceTree = "<group>"; };
		6341A9971FE5586300F61F9A /* birthday_appTests.xctest */ = {isa = PBXFileReference; explicitFileType = wrapper.cfbundle; includeInIndex = 0; path = birthday_appTests.xctest; sourceTree = BUILT_PRODUCTS_DIR; };
		6341A99B1FE5586300F61F9A /* birthday_appTests.swift */ = {isa = PBXFileReference; lastKnownFileType = sourcecode.swift; path = birthday_appTests.swift; sourceTree = "<group>"; };
		6341A99D1FE5586300F61F9A /* Info.plist */ = {isa = PBXFileReference; lastKnownFileType = text.plist.xml; path = Info.plist; sourceTree = "<group>"; };
		6341A9A21FE5586300F61F9A /* birthday_appUITests.xctest */ = {isa = PBXFileReference; explicitFileType = wrapper.cfbundle; includeInIndex = 0; path = birthday_appUITests.xctest; sourceTree = BUILT_PRODUCTS_DIR; };
		6341A9A61FE5586300F61F9A /* birthday_appUITests.swift */ = {isa = PBXFileReference; lastKnownFileType = sourcecode.swift; path = birthday_appUITests.swift; sourceTree = "<group>"; };
		6341A9A81FE5586300F61F9A /* Info.plist */ = {isa = PBXFileReference; lastKnownFileType = text.plist.xml; path = Info.plist; sourceTree = "<group>"; };
		6341A9B41FE859E000F61F9A /* UpcomingTableViewController.swift */ = {isa = PBXFileReference; lastKnownFileType = sourcecode.swift; path = UpcomingTableViewController.swift; sourceTree = "<group>"; };
		6341A9B81FE85B6100F61F9A /* UpcomingCell.swift */ = {isa = PBXFileReference; lastKnownFileType = sourcecode.swift; path = UpcomingCell.swift; sourceTree = "<group>"; };
		6341A9BC1FE85EDD00F61F9A /* PersonViewController.swift */ = {isa = PBXFileReference; lastKnownFileType = sourcecode.swift; path = PersonViewController.swift; sourceTree = "<group>"; };
		6341A9C01FE862B600F61F9A /* AddNewViewController.swift */ = {isa = PBXFileReference; lastKnownFileType = sourcecode.swift; path = AddNewViewController.swift; sourceTree = "<group>"; };
		6AB853678784CC59446BF240 /* Pods-birthday_app.release.xcconfig */ = {isa = PBXFileReference; includeInIndex = 1; lastKnownFileType = text.xcconfig; name = "Pods-birthday_app.release.xcconfig"; path = "Pods/Target Support Files/Pods-birthday_app/Pods-birthday_app.release.xcconfig"; sourceTree = "<group>"; };
		814C25500387BB75F8B73B61 /* Pods-birthday_appTests.release.xcconfig */ = {isa = PBXFileReference; includeInIndex = 1; lastKnownFileType = text.xcconfig; name = "Pods-birthday_appTests.release.xcconfig"; path = "Pods/Target Support Files/Pods-birthday_appTests/Pods-birthday_appTests.release.xcconfig"; sourceTree = "<group>"; };
		90A20FD6B89B7F50CE91D173 /* Pods-birthday_appUITests.release.xcconfig */ = {isa = PBXFileReference; includeInIndex = 1; lastKnownFileType = text.xcconfig; name = "Pods-birthday_appUITests.release.xcconfig"; path = "Pods/Target Support Files/Pods-birthday_appUITests/Pods-birthday_appUITests.release.xcconfig"; sourceTree = "<group>"; };
		9CACBAACF6E219B2F4814A7C /* Pods-birthday_appUITests.debug.xcconfig */ = {isa = PBXFileReference; includeInIndex = 1; lastKnownFileType = text.xcconfig; name = "Pods-birthday_appUITests.debug.xcconfig"; path = "Pods/Target Support Files/Pods-birthday_appUITests/Pods-birthday_appUITests.debug.xcconfig"; sourceTree = "<group>"; };
		9D30D87711A46A3445A746B5 /* Pods_birthday_app.framework */ = {isa = PBXFileReference; explicitFileType = wrapper.framework; includeInIndex = 0; path = Pods_birthday_app.framework; sourceTree = BUILT_PRODUCTS_DIR; };
		CE6FBACB23090D233707C34D /* Pods-birthday_appTests.debug.xcconfig */ = {isa = PBXFileReference; includeInIndex = 1; lastKnownFileType = text.xcconfig; name = "Pods-birthday_appTests.debug.xcconfig"; path = "Pods/Target Support Files/Pods-birthday_appTests/Pods-birthday_appTests.debug.xcconfig"; sourceTree = "<group>"; };
		D3EE0B1AC68E4AC1A53E168D /* Pods_birthday_appTests.framework */ = {isa = PBXFileReference; explicitFileType = wrapper.framework; includeInIndex = 0; path = Pods_birthday_appTests.framework; sourceTree = BUILT_PRODUCTS_DIR; };
		E7F7B133E3B0A04B47A6BA94 /* Pods_birthday_appUITests.framework */ = {isa = PBXFileReference; explicitFileType = wrapper.framework; includeInIndex = 0; path = Pods_birthday_appUITests.framework; sourceTree = BUILT_PRODUCTS_DIR; };
/* End PBXFileReference section */

/* Begin PBXFrameworksBuildPhase section */
		6341A97D1FE5586300F61F9A /* Frameworks */ = {
			isa = PBXFrameworksBuildPhase;
			buildActionMask = 2147483647;
			files = (
				B014BDE91F9076381A723C8F /* Pods_birthday_app.framework in Frameworks */,
			);
			runOnlyForDeploymentPostprocessing = 0;
		};
		6341A9941FE5586300F61F9A /* Frameworks */ = {
			isa = PBXFrameworksBuildPhase;
			buildActionMask = 2147483647;
			files = (
				56EB509927494CD64E4F6C3C /* Pods_birthday_appTests.framework in Frameworks */,
			);
			runOnlyForDeploymentPostprocessing = 0;
		};
		6341A99F1FE5586300F61F9A /* Frameworks */ = {
			isa = PBXFrameworksBuildPhase;
			buildActionMask = 2147483647;
			files = (
				CD15693740368A16E32CAEB6 /* Pods_birthday_appUITests.framework in Frameworks */,
			);
			runOnlyForDeploymentPostprocessing = 0;
		};
/* End PBXFrameworksBuildPhase section */

/* Begin PBXGroup section */
		1E4293EBDC2CC12486C794C2 /* Pods */ = {
			isa = PBXGroup;
			children = (
				4E78D1773CBDBA6D6213F390 /* Pods-birthday_app.debug.xcconfig */,
				6AB853678784CC59446BF240 /* Pods-birthday_app.release.xcconfig */,
				CE6FBACB23090D233707C34D /* Pods-birthday_appTests.debug.xcconfig */,
				814C25500387BB75F8B73B61 /* Pods-birthday_appTests.release.xcconfig */,
				9CACBAACF6E219B2F4814A7C /* Pods-birthday_appUITests.debug.xcconfig */,
				90A20FD6B89B7F50CE91D173 /* Pods-birthday_appUITests.release.xcconfig */,
			);
			name = Pods;
			sourceTree = "<group>";
		};
		6341A9771FE5586300F61F9A = {
			isa = PBXGroup;
			children = (
				6341A9821FE5586300F61F9A /* birthday_app */,
				6341A99A1FE5586300F61F9A /* birthday_appTests */,
				6341A9A51FE5586300F61F9A /* birthday_appUITests */,
				6341A9811FE5586300F61F9A /* Products */,
				1E4293EBDC2CC12486C794C2 /* Pods */,
				B92B26D877F3EB200DEE8958 /* Frameworks */,
			);
			sourceTree = "<group>";
		};
		6341A9811FE5586300F61F9A /* Products */ = {
			isa = PBXGroup;
			children = (
				6341A9801FE5586300F61F9A /* birthday_app.app */,
				6341A9971FE5586300F61F9A /* birthday_appTests.xctest */,
				6341A9A21FE5586300F61F9A /* birthday_appUITests.xctest */,
			);
			name = Products;
			sourceTree = "<group>";
		};
		6341A9821FE5586300F61F9A /* birthday_app */ = {
			isa = PBXGroup;
			children = (
				6341A9831FE5586300F61F9A /* AppDelegate.swift */,
				6341A9851FE5586300F61F9A /* ViewController.swift */,
				6341A9871FE5586300F61F9A /* Main.storyboard */,
				6341A9C01FE862B600F61F9A /* AddNewViewController.swift */,
				6341A9BC1FE85EDD00F61F9A /* PersonViewController.swift */,
				6341A9B41FE859E000F61F9A /* UpcomingTableViewController.swift */,
				6341A9B81FE85B6100F61F9A /* UpcomingCell.swift */,
				6341A98D1FE5586300F61F9A /* Assets.xcassets */,
				6341A98F1FE5586300F61F9A /* LaunchScreen.storyboard */,
				6341A9921FE5586300F61F9A /* Info.plist */,
				6341A98A1FE5586300F61F9A /* birthday_app.xcdatamodeld */,
				6325B3691FEAD22800F030C7 /* Localizable.strings */,
			);
			path = birthday_app;
			sourceTree = "<group>";
		};
		6341A99A1FE5586300F61F9A /* birthday_appTests */ = {
			isa = PBXGroup;
			children = (
				6341A99B1FE5586300F61F9A /* birthday_appTests.swift */,
				6341A99D1FE5586300F61F9A /* Info.plist */,
			);
			path = birthday_appTests;
			sourceTree = "<group>";
		};
		6341A9A51FE5586300F61F9A /* birthday_appUITests */ = {
			isa = PBXGroup;
			children = (
				6341A9A61FE5586300F61F9A /* birthday_appUITests.swift */,
				6341A9A81FE5586300F61F9A /* Info.plist */,
			);
			path = birthday_appUITests;
			sourceTree = "<group>";
		};
		B92B26D877F3EB200DEE8958 /* Frameworks */ = {
			isa = PBXGroup;
			children = (
				9D30D87711A46A3445A746B5 /* Pods_birthday_app.framework */,
				D3EE0B1AC68E4AC1A53E168D /* Pods_birthday_appTests.framework */,
				E7F7B133E3B0A04B47A6BA94 /* Pods_birthday_appUITests.framework */,
			);
			name = Frameworks;
			sourceTree = "<group>";
		};
/* End PBXGroup section */

/* Begin PBXNativeTarget section */
		6341A97F1FE5586300F61F9A /* birthday_app */ = {
			isa = PBXNativeTarget;
			buildConfigurationList = 6341A9AB1FE5586300F61F9A /* Build configuration list for PBXNativeTarget "birthday_app" */;
			buildPhases = (
				3A40351185AD9D3DDF45C590 /* [CP] Check Pods Manifest.lock */,
				6341A97C1FE5586300F61F9A /* Sources */,
				6341A97D1FE5586300F61F9A /* Frameworks */,
				6341A97E1FE5586300F61F9A /* Resources */,
				4936BF5E7A01528BCE7E2991 /* [CP] Embed Pods Frameworks */,
				0C18C3C6FF24065E498ADE7E /* [CP] Copy Pods Resources */,
			);
			buildRules = (
			);
			dependencies = (
			);
			name = birthday_app;
			productName = birthday_app;
			productReference = 6341A9801FE5586300F61F9A /* birthday_app.app */;
			productType = "com.apple.product-type.application";
		};
		6341A9961FE5586300F61F9A /* birthday_appTests */ = {
			isa = PBXNativeTarget;
			buildConfigurationList = 6341A9AE1FE5586300F61F9A /* Build configuration list for PBXNativeTarget "birthday_appTests" */;
			buildPhases = (
				3E561EFAD78C983E4556D14D /* [CP] Check Pods Manifest.lock */,
				6341A9931FE5586300F61F9A /* Sources */,
				6341A9941FE5586300F61F9A /* Frameworks */,
				6341A9951FE5586300F61F9A /* Resources */,
				2E04CF9FE99CA60ECB428855 /* [CP] Embed Pods Frameworks */,
				A8DC34D1AD13A0615136F8A5 /* [CP] Copy Pods Resources */,
			);
			buildRules = (
			);
			dependencies = (
				6341A9991FE5586300F61F9A /* PBXTargetDependency */,
			);
			name = birthday_appTests;
			productName = birthday_appTests;
			productReference = 6341A9971FE5586300F61F9A /* birthday_appTests.xctest */;
			productType = "com.apple.product-type.bundle.unit-test";
		};
		6341A9A11FE5586300F61F9A /* birthday_appUITests */ = {
			isa = PBXNativeTarget;
			buildConfigurationList = 6341A9B11FE5586300F61F9A /* Build configuration list for PBXNativeTarget "birthday_appUITests" */;
			buildPhases = (
				EEBEBD7D560E1986F250FE16 /* [CP] Check Pods Manifest.lock */,
				6341A99E1FE5586300F61F9A /* Sources */,
				6341A99F1FE5586300F61F9A /* Frameworks */,
				6341A9A01FE5586300F61F9A /* Resources */,
				C79ABD6D6C5B507B876C7556 /* [CP] Embed Pods Frameworks */,
				706DD5B5FBEEE6C3D4DECEAF /* [CP] Copy Pods Resources */,
			);
			buildRules = (
			);
			dependencies = (
				6341A9A41FE5586300F61F9A /* PBXTargetDependency */,
			);
			name = birthday_appUITests;
			productName = birthday_appUITests;
			productReference = 6341A9A21FE5586300F61F9A /* birthday_appUITests.xctest */;
			productType = "com.apple.product-type.bundle.ui-testing";
		};
/* End PBXNativeTarget section */

/* Begin PBXProject section */
		6341A9781FE5586300F61F9A /* Project object */ = {
			isa = PBXProject;
			attributes = {
				LastSwiftUpdateCheck = 0920;
				LastUpgradeCheck = 0920;
				ORGANIZATIONNAME = "David und Bernadette";
				TargetAttributes = {
					6341A97F1FE5586300F61F9A = {
						CreatedOnToolsVersion = 9.2;
						ProvisioningStyle = Automatic;
					};
					6341A9961FE5586300F61F9A = {
						CreatedOnToolsVersion = 9.2;
						ProvisioningStyle = Automatic;
						TestTargetID = 6341A97F1FE5586300F61F9A;
					};
					6341A9A11FE5586300F61F9A = {
						CreatedOnToolsVersion = 9.2;
						ProvisioningStyle = Automatic;
						TestTargetID = 6341A97F1FE5586300F61F9A;
					};
				};
			};
			buildConfigurationList = 6341A97B1FE5586300F61F9A /* Build configuration list for PBXProject "birthday_app" */;
			compatibilityVersion = "Xcode 8.0";
			developmentRegion = en;
			hasScannedForEncodings = 0;
			knownRegions = (
				en,
				Base,
				de,
			);
			mainGroup = 6341A9771FE5586300F61F9A;
			productRefGroup = 6341A9811FE5586300F61F9A /* Products */;
			projectDirPath = "";
			projectRoot = "";
			targets = (
				6341A97F1FE5586300F61F9A /* birthday_app */,
				6341A9961FE5586300F61F9A /* birthday_appTests */,
				6341A9A11FE5586300F61F9A /* birthday_appUITests */,
			);
		};
/* End PBXProject section */

/* Begin PBXResourcesBuildPhase section */
		6341A97E1FE5586300F61F9A /* Resources */ = {
			isa = PBXResourcesBuildPhase;
			buildActionMask = 2147483647;
			files = (
				6341A9911FE5586300F61F9A /* LaunchScreen.storyboard in Resources */,
				6325B3671FEAD22800F030C7 /* Localizable.strings in Resources */,
				6341A98E1FE5586300F61F9A /* Assets.xcassets in Resources */,
				6341A9891FE5586300F61F9A /* Main.storyboard in Resources */,
			);
			runOnlyForDeploymentPostprocessing = 0;
		};
		6341A9951FE5586300F61F9A /* Resources */ = {
			isa = PBXResourcesBuildPhase;
			buildActionMask = 2147483647;
			files = (
				6341A9C81FE8672800F61F9A /* Main.storyboard in Resources */,
			);
			runOnlyForDeploymentPostprocessing = 0;
		};
		6341A9A01FE5586300F61F9A /* Resources */ = {
			isa = PBXResourcesBuildPhase;
			buildActionMask = 2147483647;
			files = (
				6341A9C91FE8672900F61F9A /* Main.storyboard in Resources */,
			);
			runOnlyForDeploymentPostprocessing = 0;
		};
/* End PBXResourcesBuildPhase section */

/* Begin PBXShellScriptBuildPhase section */
		0C18C3C6FF24065E498ADE7E /* [CP] Copy Pods Resources */ = {
			isa = PBXShellScriptBuildPhase;
			buildActionMask = 2147483647;
			files = (
			);
			inputPaths = (
			);
			name = "[CP] Copy Pods Resources";
			outputPaths = (
			);
			runOnlyForDeploymentPostprocessing = 0;
			shellPath = /bin/sh;
			shellScript = "\"${SRCROOT}/Pods/Target Support Files/Pods-birthday_app/Pods-birthday_app-resources.sh\"\n";
			showEnvVarsInLog = 0;
		};
		2E04CF9FE99CA60ECB428855 /* [CP] Embed Pods Frameworks */ = {
			isa = PBXShellScriptBuildPhase;
			buildActionMask = 2147483647;
			files = (
			);
			inputPaths = (
			);
			name = "[CP] Embed Pods Frameworks";
			outputPaths = (
			);
			runOnlyForDeploymentPostprocessing = 0;
			shellPath = /bin/sh;
			shellScript = "\"${SRCROOT}/Pods/Target Support Files/Pods-birthday_appTests/Pods-birthday_appTests-frameworks.sh\"\n";
			showEnvVarsInLog = 0;
		};
		3A40351185AD9D3DDF45C590 /* [CP] Check Pods Manifest.lock */ = {
			isa = PBXShellScriptBuildPhase;
			buildActionMask = 2147483647;
			files = (
			);
			inputPaths = (
				"${PODS_PODFILE_DIR_PATH}/Podfile.lock",
				"${PODS_ROOT}/Manifest.lock",
			);
			name = "[CP] Check Pods Manifest.lock";
			outputPaths = (
				"$(DERIVED_FILE_DIR)/Pods-birthday_app-checkManifestLockResult.txt",
			);
			runOnlyForDeploymentPostprocessing = 0;
			shellPath = /bin/sh;
			shellScript = "diff \"${PODS_PODFILE_DIR_PATH}/Podfile.lock\" \"${PODS_ROOT}/Manifest.lock\" > /dev/null\nif [ $? != 0 ] ; then\n    # print error to STDERR\n    echo \"error: The sandbox is not in sync with the Podfile.lock. Run 'pod install' or update your CocoaPods installation.\" >&2\n    exit 1\nfi\n# This output is used by Xcode 'outputs' to avoid re-running this script phase.\necho \"SUCCESS\" > \"${SCRIPT_OUTPUT_FILE_0}\"\n";
			showEnvVarsInLog = 0;
		};
		3E561EFAD78C983E4556D14D /* [CP] Check Pods Manifest.lock */ = {
			isa = PBXShellScriptBuildPhase;
			buildActionMask = 2147483647;
			files = (
			);
			inputPaths = (
				"${PODS_PODFILE_DIR_PATH}/Podfile.lock",
				"${PODS_ROOT}/Manifest.lock",
			);
			name = "[CP] Check Pods Manifest.lock";
			outputPaths = (
				"$(DERIVED_FILE_DIR)/Pods-birthday_appTests-checkManifestLockResult.txt",
			);
			runOnlyForDeploymentPostprocessing = 0;
			shellPath = /bin/sh;
			shellScript = "diff \"${PODS_PODFILE_DIR_PATH}/Podfile.lock\" \"${PODS_ROOT}/Manifest.lock\" > /dev/null\nif [ $? != 0 ] ; then\n    # print error to STDERR\n    echo \"error: The sandbox is not in sync with the Podfile.lock. Run 'pod install' or update your CocoaPods installation.\" >&2\n    exit 1\nfi\n# This output is used by Xcode 'outputs' to avoid re-running this script phase.\necho \"SUCCESS\" > \"${SCRIPT_OUTPUT_FILE_0}\"\n";
			showEnvVarsInLog = 0;
		};
		4936BF5E7A01528BCE7E2991 /* [CP] Embed Pods Frameworks */ = {
			isa = PBXShellScriptBuildPhase;
			buildActionMask = 2147483647;
			files = (
			);
			inputPaths = (
				"${SRCROOT}/Pods/Target Support Files/Pods-birthday_app/Pods-birthday_app-frameworks.sh",
				"${BUILT_PRODUCTS_DIR}/SwiftSoup/SwiftSoup.framework",
			);
			name = "[CP] Embed Pods Frameworks";
			outputPaths = (
				"${TARGET_BUILD_DIR}/${FRAMEWORKS_FOLDER_PATH}/SwiftSoup.framework",
			);
			runOnlyForDeploymentPostprocessing = 0;
			shellPath = /bin/sh;
			shellScript = "\"${SRCROOT}/Pods/Target Support Files/Pods-birthday_app/Pods-birthday_app-frameworks.sh\"\n";
			showEnvVarsInLog = 0;
		};
		706DD5B5FBEEE6C3D4DECEAF /* [CP] Copy Pods Resources */ = {
			isa = PBXShellScriptBuildPhase;
			buildActionMask = 2147483647;
			files = (
			);
			inputPaths = (
			);
			name = "[CP] Copy Pods Resources";
			outputPaths = (
			);
			runOnlyForDeploymentPostprocessing = 0;
			shellPath = /bin/sh;
			shellScript = "\"${SRCROOT}/Pods/Target Support Files/Pods-birthday_appUITests/Pods-birthday_appUITests-resources.sh\"\n";
			showEnvVarsInLog = 0;
		};
		A8DC34D1AD13A0615136F8A5 /* [CP] Copy Pods Resources */ = {
			isa = PBXShellScriptBuildPhase;
			buildActionMask = 2147483647;
			files = (
			);
			inputPaths = (
			);
			name = "[CP] Copy Pods Resources";
			outputPaths = (
			);
			runOnlyForDeploymentPostprocessing = 0;
			shellPath = /bin/sh;
			shellScript = "\"${SRCROOT}/Pods/Target Support Files/Pods-birthday_appTests/Pods-birthday_appTests-resources.sh\"\n";
			showEnvVarsInLog = 0;
		};
		C79ABD6D6C5B507B876C7556 /* [CP] Embed Pods Frameworks */ = {
			isa = PBXShellScriptBuildPhase;
			buildActionMask = 2147483647;
			files = (
			);
			inputPaths = (
			);
			name = "[CP] Embed Pods Frameworks";
			outputPaths = (
			);
			runOnlyForDeploymentPostprocessing = 0;
			shellPath = /bin/sh;
			shellScript = "\"${SRCROOT}/Pods/Target Support Files/Pods-birthday_appUITests/Pods-birthday_appUITests-frameworks.sh\"\n";
			showEnvVarsInLog = 0;
		};
		EEBEBD7D560E1986F250FE16 /* [CP] Check Pods Manifest.lock */ = {
			isa = PBXShellScriptBuildPhase;
			buildActionMask = 2147483647;
			files = (
			);
			inputPaths = (
				"${PODS_PODFILE_DIR_PATH}/Podfile.lock",
				"${PODS_ROOT}/Manifest.lock",
			);
			name = "[CP] Check Pods Manifest.lock";
			outputPaths = (
				"$(DERIVED_FILE_DIR)/Pods-birthday_appUITests-checkManifestLockResult.txt",
			);
			runOnlyForDeploymentPostprocessing = 0;
			shellPath = /bin/sh;
			shellScript = "diff \"${PODS_PODFILE_DIR_PATH}/Podfile.lock\" \"${PODS_ROOT}/Manifest.lock\" > /dev/null\nif [ $? != 0 ] ; then\n    # print error to STDERR\n    echo \"error: The sandbox is not in sync with the Podfile.lock. Run 'pod install' or update your CocoaPods installation.\" >&2\n    exit 1\nfi\n# This output is used by Xcode 'outputs' to avoid re-running this script phase.\necho \"SUCCESS\" > \"${SCRIPT_OUTPUT_FILE_0}\"\n";
			showEnvVarsInLog = 0;
		};
/* End PBXShellScriptBuildPhase section */

/* Begin PBXSourcesBuildPhase section */
		6341A97C1FE5586300F61F9A /* Sources */ = {
			isa = PBXSourcesBuildPhase;
			buildActionMask = 2147483647;
			files = (
				6341A98C1FE5586300F61F9A /* birthday_app.xcdatamodeld in Sources */,
				6341A9BD1FE85EDD00F61F9A /* PersonViewController.swift in Sources */,
				6341A9B91FE85B6100F61F9A /* UpcomingCell.swift in Sources */,
				6341A9861FE5586300F61F9A /* ViewController.swift in Sources */,
				6341A9841FE5586300F61F9A /* AppDelegate.swift in Sources */,
				6341A9C11FE862B600F61F9A /* AddNewViewController.swift in Sources */,
				6341A9B51FE859E000F61F9A /* UpcomingTableViewController.swift in Sources */,
			);
			runOnlyForDeploymentPostprocessing = 0;
		};
		6341A9931FE5586300F61F9A /* Sources */ = {
			isa = PBXSourcesBuildPhase;
			buildActionMask = 2147483647;
			files = (
				6341A99C1FE5586300F61F9A /* birthday_appTests.swift in Sources */,
			);
			runOnlyForDeploymentPostprocessing = 0;
		};
		6341A99E1FE5586300F61F9A /* Sources */ = {
			isa = PBXSourcesBuildPhase;
			buildActionMask = 2147483647;
			files = (
				6341A9A71FE5586300F61F9A /* birthday_appUITests.swift in Sources */,
			);
			runOnlyForDeploymentPostprocessing = 0;
		};
/* End PBXSourcesBuildPhase section */

/* Begin PBXTargetDependency section */
		6341A9991FE5586300F61F9A /* PBXTargetDependency */ = {
			isa = PBXTargetDependency;
			target = 6341A97F1FE5586300F61F9A /* birthday_app */;
			targetProxy = 6341A9981FE5586300F61F9A /* PBXContainerItemProxy */;
		};
		6341A9A41FE5586300F61F9A /* PBXTargetDependency */ = {
			isa = PBXTargetDependency;
			target = 6341A97F1FE5586300F61F9A /* birthday_app */;
			targetProxy = 6341A9A31FE5586300F61F9A /* PBXContainerItemProxy */;
		};
/* End PBXTargetDependency section */

/* Begin PBXVariantGroup section */
		6325B3691FEAD22800F030C7 /* Localizable.strings */ = {
			isa = PBXVariantGroup;
			children = (
				6325B3681FEAD22800F030C7 /* en */,
				6325B36A1FEAD22C00F030C7 /* de */,
			);
			name = Localizable.strings;
			sourceTree = "<group>";
		};
		6341A9871FE5586300F61F9A /* Main.storyboard */ = {
			isa = PBXVariantGroup;
			children = (
				6341A9881FE5586300F61F9A /* Base */,
				6325B3611FEACF5000F030C7 /* de */,
				6325B3641FEACF6100F030C7 /* en */,
			);
			name = Main.storyboard;
			sourceTree = "<group>";
		};
		6341A98F1FE5586300F61F9A /* LaunchScreen.storyboard */ = {
			isa = PBXVariantGroup;
			children = (
				6341A9901FE5586300F61F9A /* Base */,
				6325B3621FEACF5000F030C7 /* de */,
			);
			name = LaunchScreen.storyboard;
			sourceTree = "<group>";
		};
/* End PBXVariantGroup section */

/* Begin XCBuildConfiguration section */
		6341A9A91FE5586300F61F9A /* Debug */ = {
			isa = XCBuildConfiguration;
			buildSettings = {
				ALWAYS_SEARCH_USER_PATHS = NO;
				CLANG_ANALYZER_LOCALIZABILITY_NONLOCALIZED = YES;
				CLANG_ANALYZER_NONNULL = YES;
				CLANG_ANALYZER_NUMBER_OBJECT_CONVERSION = YES_AGGRESSIVE;
				CLANG_CXX_LANGUAGE_STANDARD = "gnu++14";
				CLANG_CXX_LIBRARY = "libc++";
				CLANG_ENABLE_MODULES = YES;
				CLANG_ENABLE_OBJC_ARC = YES;
				CLANG_WARN_BLOCK_CAPTURE_AUTORELEASING = YES;
				CLANG_WARN_BOOL_CONVERSION = YES;
				CLANG_WARN_COMMA = YES;
				CLANG_WARN_CONSTANT_CONVERSION = YES;
				CLANG_WARN_DIRECT_OBJC_ISA_USAGE = YES_ERROR;
				CLANG_WARN_DOCUMENTATION_COMMENTS = YES;
				CLANG_WARN_EMPTY_BODY = YES;
				CLANG_WARN_ENUM_CONVERSION = YES;
				CLANG_WARN_INFINITE_RECURSION = YES;
				CLANG_WARN_INT_CONVERSION = YES;
				CLANG_WARN_NON_LITERAL_NULL_CONVERSION = YES;
				CLANG_WARN_OBJC_LITERAL_CONVERSION = YES;
				CLANG_WARN_OBJC_ROOT_CLASS = YES_ERROR;
				CLANG_WARN_RANGE_LOOP_ANALYSIS = YES;
				CLANG_WARN_STRICT_PROTOTYPES = YES;
				CLANG_WARN_SUSPICIOUS_MOVE = YES;
				CLANG_WARN_UNGUARDED_AVAILABILITY = YES_AGGRESSIVE;
				CLANG_WARN_UNREACHABLE_CODE = YES;
				CLANG_WARN__DUPLICATE_METHOD_MATCH = YES;
				CODE_SIGN_IDENTITY = "iPhone Developer";
				COPY_PHASE_STRIP = NO;
				DEBUG_INFORMATION_FORMAT = dwarf;
				ENABLE_STRICT_OBJC_MSGSEND = YES;
				ENABLE_TESTABILITY = YES;
				GCC_C_LANGUAGE_STANDARD = gnu11;
				GCC_DYNAMIC_NO_PIC = NO;
				GCC_NO_COMMON_BLOCKS = YES;
				GCC_OPTIMIZATION_LEVEL = 0;
				GCC_PREPROCESSOR_DEFINITIONS = (
					"DEBUG=1",
					"$(inherited)",
				);
				GCC_WARN_64_TO_32_BIT_CONVERSION = YES;
				GCC_WARN_ABOUT_RETURN_TYPE = YES_ERROR;
				GCC_WARN_UNDECLARED_SELECTOR = YES;
				GCC_WARN_UNINITIALIZED_AUTOS = YES_AGGRESSIVE;
				GCC_WARN_UNUSED_FUNCTION = YES;
				GCC_WARN_UNUSED_VARIABLE = YES;
				IPHONEOS_DEPLOYMENT_TARGET = 11.2;
				MTL_ENABLE_DEBUG_INFO = YES;
				ONLY_ACTIVE_ARCH = YES;
				SDKROOT = iphoneos;
				SWIFT_ACTIVE_COMPILATION_CONDITIONS = DEBUG;
				SWIFT_OPTIMIZATION_LEVEL = "-Onone";
			};
			name = Debug;
		};
		6341A9AA1FE5586300F61F9A /* Release */ = {
			isa = XCBuildConfiguration;
			buildSettings = {
				ALWAYS_SEARCH_USER_PATHS = NO;
				CLANG_ANALYZER_LOCALIZABILITY_NONLOCALIZED = YES;
				CLANG_ANALYZER_NONNULL = YES;
				CLANG_ANALYZER_NUMBER_OBJECT_CONVERSION = YES_AGGRESSIVE;
				CLANG_CXX_LANGUAGE_STANDARD = "gnu++14";
				CLANG_CXX_LIBRARY = "libc++";
				CLANG_ENABLE_MODULES = YES;
				CLANG_ENABLE_OBJC_ARC = YES;
				CLANG_WARN_BLOCK_CAPTURE_AUTORELEASING = YES;
				CLANG_WARN_BOOL_CONVERSION = YES;
				CLANG_WARN_COMMA = YES;
				CLANG_WARN_CONSTANT_CONVERSION = YES;
				CLANG_WARN_DIRECT_OBJC_ISA_USAGE = YES_ERROR;
				CLANG_WARN_DOCUMENTATION_COMMENTS = YES;
				CLANG_WARN_EMPTY_BODY = YES;
				CLANG_WARN_ENUM_CONVERSION = YES;
				CLANG_WARN_INFINITE_RECURSION = YES;
				CLANG_WARN_INT_CONVERSION = YES;
				CLANG_WARN_NON_LITERAL_NULL_CONVERSION = YES;
				CLANG_WARN_OBJC_LITERAL_CONVERSION = YES;
				CLANG_WARN_OBJC_ROOT_CLASS = YES_ERROR;
				CLANG_WARN_RANGE_LOOP_ANALYSIS = YES;
				CLANG_WARN_STRICT_PROTOTYPES = YES;
				CLANG_WARN_SUSPICIOUS_MOVE = YES;
				CLANG_WARN_UNGUARDED_AVAILABILITY = YES_AGGRESSIVE;
				CLANG_WARN_UNREACHABLE_CODE = YES;
				CLANG_WARN__DUPLICATE_METHOD_MATCH = YES;
				CODE_SIGN_IDENTITY = "iPhone Developer";
				COPY_PHASE_STRIP = NO;
				DEBUG_INFORMATION_FORMAT = "dwarf-with-dsym";
				ENABLE_NS_ASSERTIONS = NO;
				ENABLE_STRICT_OBJC_MSGSEND = YES;
				GCC_C_LANGUAGE_STANDARD = gnu11;
				GCC_NO_COMMON_BLOCKS = YES;
				GCC_WARN_64_TO_32_BIT_CONVERSION = YES;
				GCC_WARN_ABOUT_RETURN_TYPE = YES_ERROR;
				GCC_WARN_UNDECLARED_SELECTOR = YES;
				GCC_WARN_UNINITIALIZED_AUTOS = YES_AGGRESSIVE;
				GCC_WARN_UNUSED_FUNCTION = YES;
				GCC_WARN_UNUSED_VARIABLE = YES;
				IPHONEOS_DEPLOYMENT_TARGET = 11.2;
				MTL_ENABLE_DEBUG_INFO = NO;
				SDKROOT = iphoneos;
				SWIFT_OPTIMIZATION_LEVEL = "-Owholemodule";
				VALIDATE_PRODUCT = YES;
			};
			name = Release;
		};
		6341A9AC1FE5586300F61F9A /* Debug */ = {
			isa = XCBuildConfiguration;
			baseConfigurationReference = 4E78D1773CBDBA6D6213F390 /* Pods-birthday_app.debug.xcconfig */;
			buildSettings = {
				ASSETCATALOG_COMPILER_APPICON_NAME = AppIcon;
				CODE_SIGN_STYLE = Automatic;
				DEVELOPMENT_TEAM = Q8F8DG5TH7;
				INFOPLIST_FILE = birthday_app/Info.plist;
				LD_RUNPATH_SEARCH_PATHS = "$(inherited) @executable_path/Frameworks";
				PRODUCT_BUNDLE_IDENTIFIER = "at.fhooe.mc.birthday-app";
				PRODUCT_NAME = "$(TARGET_NAME)";
				SWIFT_VERSION = 4.0;
				TARGETED_DEVICE_FAMILY = "1,2";
			};
			name = Debug;
		};
		6341A9AD1FE5586300F61F9A /* Release */ = {
			isa = XCBuildConfiguration;
			baseConfigurationReference = 6AB853678784CC59446BF240 /* Pods-birthday_app.release.xcconfig */;
			buildSettings = {
				ASSETCATALOG_COMPILER_APPICON_NAME = AppIcon;
				CODE_SIGN_STYLE = Automatic;
				DEVELOPMENT_TEAM = Q8F8DG5TH7;
				INFOPLIST_FILE = birthday_app/Info.plist;
				LD_RUNPATH_SEARCH_PATHS = "$(inherited) @executable_path/Frameworks";
				PRODUCT_BUNDLE_IDENTIFIER = "at.fhooe.mc.birthday-app";
				PRODUCT_NAME = "$(TARGET_NAME)";
				SWIFT_VERSION = 4.0;
				TARGETED_DEVICE_FAMILY = "1,2";
			};
			name = Release;
		};
		6341A9AF1FE5586300F61F9A /* Debug */ = {
			isa = XCBuildConfiguration;
			baseConfigurationReference = CE6FBACB23090D233707C34D /* Pods-birthday_appTests.debug.xcconfig */;
			buildSettings = {
				ALWAYS_EMBED_SWIFT_STANDARD_LIBRARIES = YES;
				BUNDLE_LOADER = "$(TEST_HOST)";
				CODE_SIGN_STYLE = Automatic;
				DEVELOPMENT_TEAM = Q8F8DG5TH7;
				INFOPLIST_FILE = birthday_appTests/Info.plist;
				LD_RUNPATH_SEARCH_PATHS = "$(inherited) @executable_path/Frameworks @loader_path/Frameworks";
				PRODUCT_BUNDLE_IDENTIFIER = "at.fhooe.mc.birthday-appTests";
				PRODUCT_NAME = "$(TARGET_NAME)";
				SWIFT_VERSION = 4.0;
				TARGETED_DEVICE_FAMILY = "1,2";
				TEST_HOST = "$(BUILT_PRODUCTS_DIR)/birthday_app.app/birthday_app";
			};
			name = Debug;
		};
		6341A9B01FE5586300F61F9A /* Release */ = {
			isa = XCBuildConfiguration;
			baseConfigurationReference = 814C25500387BB75F8B73B61 /* Pods-birthday_appTests.release.xcconfig */;
			buildSettings = {
				ALWAYS_EMBED_SWIFT_STANDARD_LIBRARIES = YES;
				BUNDLE_LOADER = "$(TEST_HOST)";
				CODE_SIGN_STYLE = Automatic;
				DEVELOPMENT_TEAM = Q8F8DG5TH7;
				INFOPLIST_FILE = birthday_appTests/Info.plist;
				LD_RUNPATH_SEARCH_PATHS = "$(inherited) @executable_path/Frameworks @loader_path/Frameworks";
				PRODUCT_BUNDLE_IDENTIFIER = "at.fhooe.mc.birthday-appTests";
				PRODUCT_NAME = "$(TARGET_NAME)";
				SWIFT_VERSION = 4.0;
				TARGETED_DEVICE_FAMILY = "1,2";
				TEST_HOST = "$(BUILT_PRODUCTS_DIR)/birthday_app.app/birthday_app";
			};
			name = Release;
		};
		6341A9B21FE5586300F61F9A /* Debug */ = {
			isa = XCBuildConfiguration;
			baseConfigurationReference = 9CACBAACF6E219B2F4814A7C /* Pods-birthday_appUITests.debug.xcconfig */;
			buildSettings = {
				ALWAYS_EMBED_SWIFT_STANDARD_LIBRARIES = YES;
				CODE_SIGN_STYLE = Automatic;
				DEVELOPMENT_TEAM = Q8F8DG5TH7;
				INFOPLIST_FILE = birthday_appUITests/Info.plist;
				LD_RUNPATH_SEARCH_PATHS = "$(inherited) @executable_path/Frameworks @loader_path/Frameworks";
				PRODUCT_BUNDLE_IDENTIFIER = "at.fhooe.mc.birthday-appUITests";
				PRODUCT_NAME = "$(TARGET_NAME)";
				SWIFT_VERSION = 4.0;
				TARGETED_DEVICE_FAMILY = "1,2";
				TEST_TARGET_NAME = birthday_app;
			};
			name = Debug;
		};
		6341A9B31FE5586300F61F9A /* Release */ = {
			isa = XCBuildConfiguration;
			baseConfigurationReference = 90A20FD6B89B7F50CE91D173 /* Pods-birthday_appUITests.release.xcconfig */;
			buildSettings = {
				ALWAYS_EMBED_SWIFT_STANDARD_LIBRARIES = YES;
				CODE_SIGN_STYLE = Automatic;
				DEVELOPMENT_TEAM = Q8F8DG5TH7;
				INFOPLIST_FILE = birthday_appUITests/Info.plist;
				LD_RUNPATH_SEARCH_PATHS = "$(inherited) @executable_path/Frameworks @loader_path/Frameworks";
				PRODUCT_BUNDLE_IDENTIFIER = "at.fhooe.mc.birthday-appUITests";
				PRODUCT_NAME = "$(TARGET_NAME)";
				SWIFT_VERSION = 4.0;
				TARGETED_DEVICE_FAMILY = "1,2";
				TEST_TARGET_NAME = birthday_app;
			};
			name = Release;
		};
/* End XCBuildConfiguration section */

/* Begin XCConfigurationList section */
		6341A97B1FE5586300F61F9A /* Build configuration list for PBXProject "birthday_app" */ = {
			isa = XCConfigurationList;
			buildConfigurations = (
				6341A9A91FE5586300F61F9A /* Debug */,
				6341A9AA1FE5586300F61F9A /* Release */,
			);
			defaultConfigurationIsVisible = 0;
			defaultConfigurationName = Release;
		};
		6341A9AB1FE5586300F61F9A /* Build configuration list for PBXNativeTarget "birthday_app" */ = {
			isa = XCConfigurationList;
			buildConfigurations = (
				6341A9AC1FE5586300F61F9A /* Debug */,
				6341A9AD1FE5586300F61F9A /* Release */,
			);
			defaultConfigurationIsVisible = 0;
			defaultConfigurationName = Release;
		};
		6341A9AE1FE5586300F61F9A /* Build configuration list for PBXNativeTarget "birthday_appTests" */ = {
			isa = XCConfigurationList;
			buildConfigurations = (
				6341A9AF1FE5586300F61F9A /* Debug */,
				6341A9B01FE5586300F61F9A /* Release */,
			);
			defaultConfigurationIsVisible = 0;
			defaultConfigurationName = Release;
		};
		6341A9B11FE5586300F61F9A /* Build configuration list for PBXNativeTarget "birthday_appUITests" */ = {
			isa = XCConfigurationList;
			buildConfigurations = (
				6341A9B21FE5586300F61F9A /* Debug */,
				6341A9B31FE5586300F61F9A /* Release */,
			);
			defaultConfigurationIsVisible = 0;
			defaultConfigurationName = Release;
		};
/* End XCConfigurationList section */

/* Begin XCVersionGroup section */
		6341A98A1FE5586300F61F9A /* birthday_app.xcdatamodeld */ = {
			isa = XCVersionGroup;
			children = (
				6341A98B1FE5586300F61F9A /* birthday_app.xcdatamodel */,
			);
			currentVersion = 6341A98B1FE5586300F61F9A /* birthday_app.xcdatamodel */;
			path = birthday_app.xcdatamodeld;
			sourceTree = "<group>";
			versionGroupType = wrapper.xcdatamodel;
		};
/* End XCVersionGroup section */
	};
	rootObject = 6341A9781FE5586300F61F9A /* Project object */;
}
